
Microsoft Visual Studio Solution File, Format Version 12.00
# Visual Studio Version 17
VisualStudioVersion = 17.12.35728.132
MinimumVisualStudioVersion = 10.0.40219.1
Project("{FAE04EC0-301F-11D3-BF4B-00C04F79EFBC}") = "AdvPlaces.Api", "AdvPlaces.Api\AdvPlaces.Api.csproj", "{30520E74-AD1C-461F-AF4C-3D72F4CFB80B}"
EndProject
Project("{FAE04EC0-301F-11D3-BF4B-00C04F79EFBC}") = "AdvPlatformTest", "AdvPlatformTest\AdvPlatformTest.csproj", "{777299BB-B042-43D6-BEE5-A481AFA0729A}"
EndProject
Global
	GlobalSection(SolutionConfigurationPlatforms) = preSolution
		Debug|Any CPU = Debug|Any CPU
		Release|Any CPU = Release|Any CPU
	EndGlobalSection
	GlobalSection(ProjectConfigurationPlatforms) = postSolution
		{30520E74-AD1C-461F-AF4C-3D72F4CFB80B}.Debug|Any CPU.ActiveCfg = Debug|Any CPU
		{30520E74-AD1C-461F-AF4C-3D72F4CFB80B}.Debug|Any CPU.Build.0 = Debug|Any CPU
		{30520E74-AD1C-461F-AF4C-3D72F4CFB80B}.Release|Any CPU.ActiveCfg = Release|Any CPU
		{30520E74-AD1C-461F-AF4C-3D72F4CFB80B}.Release|Any CPU.Build.0 = Release|Any CPU
		{777299BB-B042-43D6-BEE5-A481AFA0729A}.Debug|Any CPU.ActiveCfg = Debug|Any CPU
		{777299BB-B042-43D6-BEE5-A481AFA0729A}.Debug|Any CPU.Build.0 = Debug|Any CPU
		{777299BB-B042-43D6-BEE5-A481AFA0729A}.Release|Any CPU.ActiveCfg = Release|Any CPU
		{777299BB-B042-43D6-BEE5-A481AFA0729A}.Release|Any CPU.Build.0 = Release|Any CPU
	EndGlobalSection
	GlobalSection(SolutionProperties) = preSolution
		HideSolutionNode = FALSE
	EndGlobalSection
EndGlobal
